
Microsoft Visual Studio Solution File, Format Version 12.00
# Visual Studio Version 16
VisualStudioVersion = 16.0.29123.88
MinimumVisualStudioVersion = 10.0.40219.1
Project("{FAE04EC0-301F-11D3-BF4B-00C04F79EFBC}") = "threejs-exporter", "threejs-exporter.csproj", "{0EE1240F-D8E2-487A-9F2B-9C0344379FFC}"
EndProject
Global
	GlobalSection(SolutionConfigurationPlatforms) = preSolution
		Debug|Any CPU = Debug|Any CPU
		Release|Any CPU = Release|Any CPU
	EndGlobalSection
	GlobalSection(ProjectConfigurationPlatforms) = postSolution
		{0EE1240F-D8E2-487A-9F2B-9C0344379FFC}.Debug|Any CPU.ActiveCfg = Debug|Any CPU
		{0EE1240F-D8E2-487A-9F2B-9C0344379FFC}.Debug|Any CPU.Build.0 = Debug|Any CPU
		{0EE1240F-D8E2-487A-9F2B-9C0344379FFC}.Release|Any CPU.ActiveCfg = Release|Any CPU
		{0EE1240F-D8E2-487A-9F2B-9C0344379FFC}.Release|Any CPU.Build.0 = Release|Any CPU
	EndGlobalSection
	GlobalSection(SolutionProperties) = preSolution
		HideSolutionNode = FALSE
	EndGlobalSection
	GlobalSection(ExtensibilityGlobals) = postSolution
		SolutionGuid = {3B9D30B6-BD29-483A-AC10-38BB6CDA0B48}
	EndGlobalSection
EndGlobal
